
Microsoft Visual Studio Solution File, Format Version 12.00
# Visual Studio Version 17
VisualStudioVersion = 17.13.35931.197
MinimumVisualStudioVersion = 10.0.40219.1
Project("{FAE04EC0-301F-11D3-BF4B-00C04F79EFBC}") = "OrderManagement.Api", "OrderManagement.Api.csproj", "{0C859CA7-DABB-4A8D-81E3-3EBA949F45A8}"
EndProject
Project("{FAE04EC0-301F-11D3-BF4B-00C04F79EFBC}") = "OrderManagement.Application", "..\OrderManagement.Application\OrderManagement.Application.csproj", "{FBE5DCB3-2CBE-4285-BB18-DEFA7ADD8D30}"
EndProject
Project("{FAE04EC0-301F-11D3-BF4B-00C04F79EFBC}") = "OrderManagement.Infrastructure", "..\OrderManagement.Infrastructure\OrderManagement.Infrastructure.csproj", "{FCAA1608-6DDD-43CD-9118-75F510DAB8A2}"
EndProject
Global
	GlobalSection(SolutionConfigurationPlatforms) = preSolution
		Debug|Any CPU = Debug|Any CPU
		Release|Any CPU = Release|Any CPU
	EndGlobalSection
	GlobalSection(ProjectConfigurationPlatforms) = postSolution
		{0C859CA7-DABB-4A8D-81E3-3EBA949F45A8}.Debug|Any CPU.ActiveCfg = Debug|Any CPU
		{0C859CA7-DABB-4A8D-81E3-3EBA949F45A8}.Debug|Any CPU.Build.0 = Debug|Any CPU
		{0C859CA7-DABB-4A8D-81E3-3EBA949F45A8}.Release|Any CPU.ActiveCfg = Release|Any CPU
		{0C859CA7-DABB-4A8D-81E3-3EBA949F45A8}.Release|Any CPU.Build.0 = Release|Any CPU
		{FBE5DCB3-2CBE-4285-BB18-DEFA7ADD8D30}.Debug|Any CPU.ActiveCfg = Debug|Any CPU
		{FBE5DCB3-2CBE-4285-BB18-DEFA7ADD8D30}.Debug|Any CPU.Build.0 = Debug|Any CPU
		{FBE5DCB3-2CBE-4285-BB18-DEFA7ADD8D30}.Release|Any CPU.ActiveCfg = Release|Any CPU
		{FBE5DCB3-2CBE-4285-BB18-DEFA7ADD8D30}.Release|Any CPU.Build.0 = Release|Any CPU
		{FCAA1608-6DDD-43CD-9118-75F510DAB8A2}.Debug|Any CPU.ActiveCfg = Debug|Any CPU
		{FCAA1608-6DDD-43CD-9118-75F510DAB8A2}.Debug|Any CPU.Build.0 = Debug|Any CPU
		{FCAA1608-6DDD-43CD-9118-75F510DAB8A2}.Release|Any CPU.ActiveCfg = Release|Any CPU
		{FCAA1608-6DDD-43CD-9118-75F510DAB8A2}.Release|Any CPU.Build.0 = Release|Any CPU
	EndGlobalSection
	GlobalSection(SolutionProperties) = preSolution
		HideSolutionNode = FALSE
	EndGlobalSection
	GlobalSection(ExtensibilityGlobals) = postSolution
		SolutionGuid = {611F1CC1-E88B-47A8-8B14-2F16367AE620}
	EndGlobalSection
EndGlobal
